
Microsoft Visual Studio Solution File, Format Version 12.00
# Visual Studio 15
VisualStudioVersion = 15.0.27004.2002
MinimumVisualStudioVersion = 10.0.40219.1
Project("{FAE04EC0-301F-11D3-BF4B-00C04F79EFBC}") = "NetromMessageBoard", "NetromMessageBoard\NetromMessageBoard.csproj", "{8134D131-7080-4EF6-819A-139F81C62063}"
EndProject
Global
	GlobalSection(SolutionConfigurationPlatforms) = preSolution
		Debug|Any CPU = Debug|Any CPU
		Release|Any CPU = Release|Any CPU
	EndGlobalSection
	GlobalSection(ProjectConfigurationPlatforms) = postSolution
		{8134D131-7080-4EF6-819A-139F81C62063}.Debug|Any CPU.ActiveCfg = Debug|Any CPU
		{8134D131-7080-4EF6-819A-139F81C62063}.Debug|Any CPU.Build.0 = Debug|Any CPU
		{8134D131-7080-4EF6-819A-139F81C62063}.Release|Any CPU.ActiveCfg = Release|Any CPU
		{8134D131-7080-4EF6-819A-139F81C62063}.Release|Any CPU.Build.0 = Release|Any CPU
	EndGlobalSection
	GlobalSection(SolutionProperties) = preSolution
		HideSolutionNode = FALSE
	EndGlobalSection
	GlobalSection(ExtensibilityGlobals) = postSolution
		SolutionGuid = {6F426FC0-E733-4B9E-AC1D-4863DAED8DE9}
	EndGlobalSection
EndGlobal
