
Microsoft Visual Studio Solution File, Format Version 12.00
# Visual Studio 15
VisualStudioVersion = 15.0.27004.2002
MinimumVisualStudioVersion = 10.0.40219.1
Project("{FAE04EC0-301F-11D3-BF4B-00C04F79EFBC}") = "NetromMessageBoard", "NetromMessageBoard\NetromMessageBoard.csproj", "{8134D131-7080-4EF6-819A-139F81C62063}"
EndProject
Project("{00D1A9C2-B5F0-4AF3-8072-F6C62B433612}") = "NetromMessageBoard.Database", "NetromMessageBoard.Database\NetromMessageBoard.Database.sqlproj", "{C5FB0616-F9E5-4461-82AA-7B40FEA01939}"
EndProject
Project("{FAE04EC0-301F-11D3-BF4B-00C04F79EFBC}") = "NetromMessageBoard.Repository", "NetromMessageBoard.Repository\NetromMessageBoard.Repository.csproj", "{3C013845-15E2-4C4B-BDA8-819A54AFB0BC}"
EndProject
Project("{FAE04EC0-301F-11D3-BF4B-00C04F79EFBC}") = "NetromMessageBoard.Model", "NetromMessageBoard.Model\NetromMessageBoard.Model.csproj", "{5F74EA80-3FC8-4D50-AAF4-C81E9514146D}"
EndProject
Project("{FAE04EC0-301F-11D3-BF4B-00C04F79EFBC}") = "NetromMessageBoard.BusinessLogic", "NetromMessageBoard.BusinessLogic\NetromMessageBoard.BusinessLogic.csproj", "{BD18886F-00C1-45E8-A458-70D27F3CF160}"
EndProject
Global
	GlobalSection(SolutionConfigurationPlatforms) = preSolution
		Debug|Any CPU = Debug|Any CPU
		Release|Any CPU = Release|Any CPU
	EndGlobalSection
	GlobalSection(ProjectConfigurationPlatforms) = postSolution
		{8134D131-7080-4EF6-819A-139F81C62063}.Debug|Any CPU.ActiveCfg = Debug|Any CPU
		{8134D131-7080-4EF6-819A-139F81C62063}.Debug|Any CPU.Build.0 = Debug|Any CPU
		{8134D131-7080-4EF6-819A-139F81C62063}.Release|Any CPU.ActiveCfg = Release|Any CPU
		{8134D131-7080-4EF6-819A-139F81C62063}.Release|Any CPU.Build.0 = Release|Any CPU
		{C5FB0616-F9E5-4461-82AA-7B40FEA01939}.Debug|Any CPU.ActiveCfg = Debug|Any CPU
		{C5FB0616-F9E5-4461-82AA-7B40FEA01939}.Debug|Any CPU.Build.0 = Debug|Any CPU
		{C5FB0616-F9E5-4461-82AA-7B40FEA01939}.Debug|Any CPU.Deploy.0 = Debug|Any CPU
		{C5FB0616-F9E5-4461-82AA-7B40FEA01939}.Release|Any CPU.ActiveCfg = Release|Any CPU
		{C5FB0616-F9E5-4461-82AA-7B40FEA01939}.Release|Any CPU.Build.0 = Release|Any CPU
		{C5FB0616-F9E5-4461-82AA-7B40FEA01939}.Release|Any CPU.Deploy.0 = Release|Any CPU
		{3C013845-15E2-4C4B-BDA8-819A54AFB0BC}.Debug|Any CPU.ActiveCfg = Debug|Any CPU
		{3C013845-15E2-4C4B-BDA8-819A54AFB0BC}.Debug|Any CPU.Build.0 = Debug|Any CPU
		{3C013845-15E2-4C4B-BDA8-819A54AFB0BC}.Release|Any CPU.ActiveCfg = Release|Any CPU
		{3C013845-15E2-4C4B-BDA8-819A54AFB0BC}.Release|Any CPU.Build.0 = Release|Any CPU
		{5F74EA80-3FC8-4D50-AAF4-C81E9514146D}.Debug|Any CPU.ActiveCfg = Debug|Any CPU
		{5F74EA80-3FC8-4D50-AAF4-C81E9514146D}.Debug|Any CPU.Build.0 = Debug|Any CPU
		{5F74EA80-3FC8-4D50-AAF4-C81E9514146D}.Release|Any CPU.ActiveCfg = Release|Any CPU
		{5F74EA80-3FC8-4D50-AAF4-C81E9514146D}.Release|Any CPU.Build.0 = Release|Any CPU
		{BD18886F-00C1-45E8-A458-70D27F3CF160}.Debug|Any CPU.ActiveCfg = Debug|Any CPU
		{BD18886F-00C1-45E8-A458-70D27F3CF160}.Debug|Any CPU.Build.0 = Debug|Any CPU
		{BD18886F-00C1-45E8-A458-70D27F3CF160}.Release|Any CPU.ActiveCfg = Release|Any CPU
		{BD18886F-00C1-45E8-A458-70D27F3CF160}.Release|Any CPU.Build.0 = Release|Any CPU
	EndGlobalSection
	GlobalSection(SolutionProperties) = preSolution
		HideSolutionNode = FALSE
	EndGlobalSection
	GlobalSection(ExtensibilityGlobals) = postSolution
		SolutionGuid = {6F426FC0-E733-4B9E-AC1D-4863DAED8DE9}
	EndGlobalSection
EndGlobal
